{
  "name": "@auios/cloudflare-lib",
  "version": "1.0.1",
  "lockfileVersion": 3,
  "requires": true,
  "packages": {
    "": {
      "name": "@auios/cloudflare-lib",
      "version": "1.0.1",
      "license": "ISC",
      "devDependencies": {
        "@cloudflare/workers-types": "^4.20250430.0",
        "npm-check-updates": "^18.0.1",
        "typescript": "^5.8.3"
      }
    },
    "node_modules/@cloudflare/workers-types": {
      "version": "4.20250430.0",
      "resolved": "https://registry.npmjs.org/@cloudflare/workers-types/-/workers-types-4.20250430.0.tgz",
      "integrity": "sha512-JWAX7ZhQ7KjkdJwASgG58MZ/pQ15brlnZ9/0YBwDQ0hrJ/LaK392aTRFlj2r/PRKDZ5dOuujRywNYaNpfeFiEA==",
      "dev": true,
      "license": "MIT OR Apache-2.0"
    },
    "node_modules/npm-check-updates": {
      "version": "18.0.1",
      "resolved": "https://registry.npmjs.org/npm-check-updates/-/npm-check-updates-18.0.1.tgz",
      "integrity": "sha512-MO7mLp/8nm6kZNLLyPgz4gHmr9tLoU+pWPLdXuGAx+oZydBHkHWN0ibTonsrfwC2WEQNIQxuZagYwB67JQpAuw==",
      "dev": true,
      "license": "Apache-2.0",
      "bin": {
        "ncu": "build/cli.js",
        "npm-check-updates": "build/cli.js"
      },
      "engines": {
        "node": "^18.18.0 || >=20.0.0",
        "npm": ">=8.12.1"
      }
    },
    "node_modules/typescript": {
      "version": "5.8.3",
      "resolved": "https://registry.npmjs.org/typescript/-/typescript-5.8.3.tgz",
      "integrity": "sha512-p1diW6TqL9L07nNxvRMM7hMMw4c5XOo/1ibL4aAIGmSAt9slTE1Xgw5KWuof2uTOvCg9BY7ZRi+GaF+7sfgPeQ==",
      "dev": true,
      "license": "Apache-2.0",
      "bin": {
        "tsc": "bin/tsc",
        "tsserver": "bin/tsserver"
      },
      "engines": {
        "node": ">=14.17"
      }
    }
  }
}
